
Microsoft Visual Studio Solution File, Format Version 12.00
# Visual Studio 15
VisualStudioVersion = 15.0.28307.852
MinimumVisualStudioVersion = 10.0.40219.1
Project("{FAE04EC0-301F-11D3-BF4B-00C04F79EFBC}") = "StorageHelper", "StorageHelper.csproj", "{48FC04E2-9BFA-4BE7-9A83-328458EE7B9D}"
EndProject
Global
	GlobalSection(SolutionConfigurationPlatforms) = preSolution
		Debug|Any CPU = Debug|Any CPU
		Release|Any CPU = Release|Any CPU
	EndGlobalSection
	GlobalSection(ProjectConfigurationPlatforms) = postSolution
		{48FC04E2-9BFA-4BE7-9A83-328458EE7B9D}.Debug|Any CPU.ActiveCfg = Debug|Any CPU
		{48FC04E2-9BFA-4BE7-9A83-328458EE7B9D}.Debug|Any CPU.Build.0 = Debug|Any CPU
		{48FC04E2-9BFA-4BE7-9A83-328458EE7B9D}.Release|Any CPU.ActiveCfg = Release|Any CPU
		{48FC04E2-9BFA-4BE7-9A83-328458EE7B9D}.Release|Any CPU.Build.0 = Release|Any CPU
	EndGlobalSection
	GlobalSection(SolutionProperties) = preSolution
		HideSolutionNode = FALSE
	EndGlobalSection
	GlobalSection(ExtensibilityGlobals) = postSolution
		SolutionGuid = {03FB471C-017B-4532-82C7-DCF64E5386B0}
	EndGlobalSection
EndGlobal
